# This file is automatically @generated by Poetry 1.5.4 and should not be changed by hand.

[[package]]
name = "pyperclip"
version = "1.9.0"
description = "A cross-platform clipboard module for Python. (Only handles plain text for now.)"
optional = false
python-versions = "*"
files = [
    {file = "pyperclip-1.9.0.tar.gz", hash = "sha256:b7de0142ddc81bfc5c7507eea19da920b92252b548b96186caf94a5e2527d310"},
]

[metadata]
lock-version = "2.0"
python-versions = ">=3.10.0,<3.12"
content-hash = "49fd080dde1908934bcd4fc0d6405fe68936898da17d6d182f56616d0c2c0489"
